
Microsoft Visual Studio Solution File, Format Version 12.00
# Visual Studio Version 17
VisualStudioVersion = 17.0.32112.339
MinimumVisualStudioVersion = 10.0.40219.1
Project("{FAE04EC0-301F-11D3-BF4B-00C04F79EFBC}") = "ConsoleApp472", "ConsoleNetFramework472\ConsoleApp472.csproj", "{5703BB15-CF3B-4851-8353-2849C54FFA4A}"
EndProject
Project("{9A19103F-16F7-4668-BE54-9A1E7A4F7556}") = "ConsoleAppNet50", "ConsoleNet50\ConsoleAppNet50.csproj", "{0D1B2EA5-95CB-4C20-A0B1-062F8F40A59D}"
EndProject
Project("{9A19103F-16F7-4668-BE54-9A1E7A4F7556}") = "CS90Net50", "CS90Net50\CS90Net50.csproj", "{FAED75B1-F20C-468F-95D9-A77BEA6CD290}"
EndProject
Project("{9A19103F-16F7-4668-BE54-9A1E7A4F7556}") = "CS80Standard21", "CS80Standard21\CS80Standard21.csproj", "{20736032-ADD5-4400-86D6-5F5A56D73330}"
EndProject
Project("{9A19103F-16F7-4668-BE54-9A1E7A4F7556}") = "CS73Standard20", "CS73Standard20\CS73Standard20.csproj", "{35CA076E-B203-4871-A500-656D555A7690}"
EndProject
Project("{FAE04EC0-301F-11D3-BF4B-00C04F79EFBC}") = "CS73NetFramework472", "CS73NetFramework472\CS73NetFramework472.csproj", "{59B94452-45ED-4199-8989-3CA1B641AE28}"
EndProject
Project("{FAE04EC0-301F-11D3-BF4B-00C04F79EFBC}") = "ConsoleApp480", "ConsoleApp480\ConsoleApp480.csproj", "{7C877312-DA46-4577-93CF-1D9F86148ABE}"
EndProject
Project("{FAE04EC0-301F-11D3-BF4B-00C04F79EFBC}") = "CS73NetFramework480", "CS73NetFramework480\CS73NetFramework480.csproj", "{AD7CF682-B3D2-45F8-B69C-D165FDB8027F}"
EndProject
Global
	GlobalSection(SolutionConfigurationPlatforms) = preSolution
		Debug|Any CPU = Debug|Any CPU
		Release|Any CPU = Release|Any CPU
	EndGlobalSection
	GlobalSection(ProjectConfigurationPlatforms) = postSolution
		{5703BB15-CF3B-4851-8353-2849C54FFA4A}.Debug|Any CPU.ActiveCfg = Debug|Any CPU
		{5703BB15-CF3B-4851-8353-2849C54FFA4A}.Debug|Any CPU.Build.0 = Debug|Any CPU
		{5703BB15-CF3B-4851-8353-2849C54FFA4A}.Release|Any CPU.ActiveCfg = Release|Any CPU
		{5703BB15-CF3B-4851-8353-2849C54FFA4A}.Release|Any CPU.Build.0 = Release|Any CPU
		{0D1B2EA5-95CB-4C20-A0B1-062F8F40A59D}.Debug|Any CPU.ActiveCfg = Debug|Any CPU
		{0D1B2EA5-95CB-4C20-A0B1-062F8F40A59D}.Debug|Any CPU.Build.0 = Debug|Any CPU
		{0D1B2EA5-95CB-4C20-A0B1-062F8F40A59D}.Release|Any CPU.ActiveCfg = Release|Any CPU
		{0D1B2EA5-95CB-4C20-A0B1-062F8F40A59D}.Release|Any CPU.Build.0 = Release|Any CPU
		{FAED75B1-F20C-468F-95D9-A77BEA6CD290}.Debug|Any CPU.ActiveCfg = Debug|Any CPU
		{FAED75B1-F20C-468F-95D9-A77BEA6CD290}.Debug|Any CPU.Build.0 = Debug|Any CPU
		{FAED75B1-F20C-468F-95D9-A77BEA6CD290}.Release|Any CPU.ActiveCfg = Release|Any CPU
		{FAED75B1-F20C-468F-95D9-A77BEA6CD290}.Release|Any CPU.Build.0 = Release|Any CPU
		{20736032-ADD5-4400-86D6-5F5A56D73330}.Debug|Any CPU.ActiveCfg = Debug|Any CPU
		{20736032-ADD5-4400-86D6-5F5A56D73330}.Debug|Any CPU.Build.0 = Debug|Any CPU
		{20736032-ADD5-4400-86D6-5F5A56D73330}.Release|Any CPU.ActiveCfg = Release|Any CPU
		{20736032-ADD5-4400-86D6-5F5A56D73330}.Release|Any CPU.Build.0 = Release|Any CPU
		{35CA076E-B203-4871-A500-656D555A7690}.Debug|Any CPU.ActiveCfg = Debug|Any CPU
		{35CA076E-B203-4871-A500-656D555A7690}.Debug|Any CPU.Build.0 = Debug|Any CPU
		{35CA076E-B203-4871-A500-656D555A7690}.Release|Any CPU.ActiveCfg = Release|Any CPU
		{35CA076E-B203-4871-A500-656D555A7690}.Release|Any CPU.Build.0 = Release|Any CPU
		{59B94452-45ED-4199-8989-3CA1B641AE28}.Debug|Any CPU.ActiveCfg = Debug|Any CPU
		{59B94452-45ED-4199-8989-3CA1B641AE28}.Debug|Any CPU.Build.0 = Debug|Any CPU
		{59B94452-45ED-4199-8989-3CA1B641AE28}.Release|Any CPU.ActiveCfg = Release|Any CPU
		{59B94452-45ED-4199-8989-3CA1B641AE28}.Release|Any CPU.Build.0 = Release|Any CPU
		{7C877312-DA46-4577-93CF-1D9F86148ABE}.Debug|Any CPU.ActiveCfg = Debug|Any CPU
		{7C877312-DA46-4577-93CF-1D9F86148ABE}.Debug|Any CPU.Build.0 = Debug|Any CPU
		{7C877312-DA46-4577-93CF-1D9F86148ABE}.Release|Any CPU.ActiveCfg = Release|Any CPU
		{7C877312-DA46-4577-93CF-1D9F86148ABE}.Release|Any CPU.Build.0 = Release|Any CPU
		{AD7CF682-B3D2-45F8-B69C-D165FDB8027F}.Debug|Any CPU.ActiveCfg = Debug|Any CPU
		{AD7CF682-B3D2-45F8-B69C-D165FDB8027F}.Debug|Any CPU.Build.0 = Debug|Any CPU
		{AD7CF682-B3D2-45F8-B69C-D165FDB8027F}.Release|Any CPU.ActiveCfg = Release|Any CPU
		{AD7CF682-B3D2-45F8-B69C-D165FDB8027F}.Release|Any CPU.Build.0 = Release|Any CPU
	EndGlobalSection
	GlobalSection(SolutionProperties) = preSolution
		HideSolutionNode = FALSE
	EndGlobalSection
	GlobalSection(ExtensibilityGlobals) = postSolution
		SolutionGuid = {4ECF3815-DE14-4A6C-BD75-92F48EF0EA70}
	EndGlobalSection
EndGlobal
